
Microsoft Visual Studio Solution File, Format Version 12.00
# Visual Studio Version 17
VisualStudioVersion = 17.10.35004.147
MinimumVisualStudioVersion = 10.0.40219.1
Project("{9A19103F-16F7-4668-BE54-9A1E7A4F7556}") = "bookStoreBack", "book_store_back\bookStoreBack.csproj", "{DF57A1B8-1991-4106-BED9-FB821C29C1F7}"
EndProject
Project("{E53339B2-1760-4266-BCC7-CA923CBCF16C}") = "docker-compose", "docker-compose.dcproj", "{FA71827A-FB86-4B0E-8129-FB436DDDEB0A}"
EndProject
Global
	GlobalSection(SolutionConfigurationPlatforms) = preSolution
		Debug|Any CPU = Debug|Any CPU
		Release|Any CPU = Release|Any CPU
	EndGlobalSection
	GlobalSection(ProjectConfigurationPlatforms) = postSolution
		{DF57A1B8-1991-4106-BED9-FB821C29C1F7}.Debug|Any CPU.ActiveCfg = Debug|Any CPU
		{DF57A1B8-1991-4106-BED9-FB821C29C1F7}.Debug|Any CPU.Build.0 = Debug|Any CPU
		{DF57A1B8-1991-4106-BED9-FB821C29C1F7}.Release|Any CPU.ActiveCfg = Release|Any CPU
		{DF57A1B8-1991-4106-BED9-FB821C29C1F7}.Release|Any CPU.Build.0 = Release|Any CPU
		{FA71827A-FB86-4B0E-8129-FB436DDDEB0A}.Debug|Any CPU.ActiveCfg = Debug|Any CPU
		{FA71827A-FB86-4B0E-8129-FB436DDDEB0A}.Debug|Any CPU.Build.0 = Debug|Any CPU
		{FA71827A-FB86-4B0E-8129-FB436DDDEB0A}.Release|Any CPU.ActiveCfg = Release|Any CPU
		{FA71827A-FB86-4B0E-8129-FB436DDDEB0A}.Release|Any CPU.Build.0 = Release|Any CPU
	EndGlobalSection
	GlobalSection(SolutionProperties) = preSolution
		HideSolutionNode = FALSE
	EndGlobalSection
	GlobalSection(ExtensibilityGlobals) = postSolution
		SolutionGuid = {4079CCE2-475E-4F0D-ABA4-341EE50C49F6}
	EndGlobalSection
EndGlobal
